// !$*UTF8*$!
{
	archiveVersion = 1;
	classes = {
	};
	objectVersion = 56;
	objects = {

/* Begin PBXBuildFile section */
		BD4267452A6DBCDF00A3B9C7 /* ScrumdingerApp.swift in Sources */ = {isa = PBXBuildFile; fileRef = BD4267442A6DBCDF00A3B9C7 /* ScrumdingerApp.swift */; };
		BD4267472A6DBCDF00A3B9C7 /* MeetingView.swift in Sources */ = {isa = PBXBuildFile; fileRef = BD4267462A6DBCDF00A3B9C7 /* MeetingView.swift */; };
		BD4267492A6DBCE000A3B9C7 /* Assets.xcassets in Resources */ = {isa = PBXBuildFile; fileRef = BD4267482A6DBCE000A3B9C7 /* Assets.xcassets */; };
		BD42674C2A6DBCE000A3B9C7 /* Preview Assets.xcassets in Resources */ = {isa = PBXBuildFile; fileRef = BD42674B2A6DBCE000A3B9C7 /* Preview Assets.xcassets */; };
		BD4267572A6DBCE000A3B9C7 /* ScrumdingerTests.swift in Sources */ = {isa = PBXBuildFile; fileRef = BD4267562A6DBCE000A3B9C7 /* ScrumdingerTests.swift */; };
		BD4267612A6DBCE000A3B9C7 /* ScrumdingerUITests.swift in Sources */ = {isa = PBXBuildFile; fileRef = BD4267602A6DBCE000A3B9C7 /* ScrumdingerUITests.swift */; };
		BD4267632A6DBCE000A3B9C7 /* ScrumdingerUITestsLaunchTests.swift in Sources */ = {isa = PBXBuildFile; fileRef = BD4267622A6DBCE000A3B9C7 /* ScrumdingerUITestsLaunchTests.swift */; };
/* End PBXBuildFile section */

/* Begin PBXContainerItemProxy section */
		BD4267532A6DBCE000A3B9C7 /* PBXContainerItemProxy */ = {
			isa = PBXContainerItemProxy;
			containerPortal = BD4267392A6DBCDF00A3B9C7 /* Project object */;
			proxyType = 1;
			remoteGlobalIDString = BD4267402A6DBCDF00A3B9C7;
			remoteInfo = Scrumdinger;
		};
		BD42675D2A6DBCE000A3B9C7 /* PBXContainerItemProxy */ = {
			isa = PBXContainerItemProxy;
			containerPortal = BD4267392A6DBCDF00A3B9C7 /* Project object */;
			proxyType = 1;
			remoteGlobalIDString = BD4267402A6DBCDF00A3B9C7;
			remoteInfo = Scrumdinger;
		};
/* End PBXContainerItemProxy section */

/* Begin PBXFileReference section */
		BD4267412A6DBCDF00A3B9C7 /* Scrumdinger.app */ = {isa = PBXFileReference; explicitFileType = wrapper.application; includeInIndex = 0; path = Scrumdinger.app; sourceTree = BUILT_PRODUCTS_DIR; };
		BD4267442A6DBCDF00A3B9C7 /* ScrumdingerApp.swift */ = {isa = PBXFileReference; lastKnownFileType = sourcecode.swift; path = ScrumdingerApp.swift; sourceTree = "<group>"; };
		BD4267462A6DBCDF00A3B9C7 /* MeetingView.swift */ = {isa = PBXFileReference; lastKnownFileType = sourcecode.swift; path = MeetingView.swift; sourceTree = "<group>"; };
		BD4267482A6DBCE000A3B9C7 /* Assets.xcassets */ = {isa = PBXFileReference; lastKnownFileType = folder.assetcatalog; path = Assets.xcassets; sourceTree = "<group>"; };
		BD42674B2A6DBCE000A3B9C7 /* Preview Assets.xcassets */ = {isa = PBXFileReference; lastKnownFileType = folder.assetcatalog; path = "Preview Assets.xcassets"; sourceTree = "<group>"; };
		BD42674D2A6DBCE000A3B9C7 /* Scrumdinger.entitlements */ = {isa = PBXFileReference; lastKnownFileType = text.plist.entitlements; path = Scrumdinger.entitlements; sourceTree = "<group>"; };
		BD4267522A6DBCE000A3B9C7 /* ScrumdingerTests.xctest */ = {isa = PBXFileReference; explicitFileType = wrapper.cfbundle; includeInIndex = 0; path = ScrumdingerTests.xctest; sourceTree = BUILT_PRODUCTS_DIR; };
		BD4267562A6DBCE000A3B9C7 /* ScrumdingerTests.swift */ = {isa = PBXFileReference; lastKnownFileType = sourcecode.swift; path = ScrumdingerTests.swift; sourceTree = "<group>"; };
		BD42675C2A6DBCE000A3B9C7 /* ScrumdingerUITests.xctest */ = {isa = PBXFileReference; explicitFileType = wrapper.cfbundle; includeInIndex = 0; path = ScrumdingerUITests.xctest; sourceTree = BUILT_PRODUCTS_DIR; };
		BD4267602A6DBCE000A3B9C7 /* ScrumdingerUITests.swift */ = {isa = PBXFileReference; lastKnownFileType = sourcecode.swift; path = ScrumdingerUITests.swift; sourceTree = "<group>"; };
		BD4267622A6DBCE000A3B9C7 /* ScrumdingerUITestsLaunchTests.swift */ = {isa = PBXFileReference; lastKnownFileType = sourcecode.swift; path = ScrumdingerUITestsLaunchTests.swift; sourceTree = "<group>"; };
/* End PBXFileReference section */

/* Begin PBXFrameworksBuildPhase section */
		BD42673E2A6DBCDF00A3B9C7 /* Frameworks */ = {
			isa = PBXFrameworksBuildPhase;
			buildActionMask = 2147483647;
			files = (
			);
			runOnlyForDeploymentPostprocessing = 0;
		};
		BD42674F2A6DBCE000A3B9C7 /* Frameworks */ = {
			isa = PBXFrameworksBuildPhase;
			buildActionMask = 2147483647;
			files = (
			);
			runOnlyForDeploymentPostprocessing = 0;
		};
		BD4267592A6DBCE000A3B9C7 /* Frameworks */ = {
			isa = PBXFrameworksBuildPhase;
			buildActionMask = 2147483647;
			files = (
			);
			runOnlyForDeploymentPostprocessing = 0;
		};
/* End PBXFrameworksBuildPhase section */

/* Begin PBXGroup section */
		BD4267382A6DBCDF00A3B9C7 = {
			isa = PBXGroup;
			children = (
				BD4267432A6DBCDF00A3B9C7 /* Scrumdinger */,
				BD4267552A6DBCE000A3B9C7 /* ScrumdingerTests */,
				BD42675F2A6DBCE000A3B9C7 /* ScrumdingerUITests */,
				BD4267422A6DBCDF00A3B9C7 /* Products */,
			);
			sourceTree = "<group>";
		};
		BD4267422A6DBCDF00A3B9C7 /* Products */ = {
			isa = PBXGroup;
			children = (
				BD4267412A6DBCDF00A3B9C7 /* Scrumdinger.app */,
				BD4267522A6DBCE000A3B9C7 /* ScrumdingerTests.xctest */,
				BD42675C2A6DBCE000A3B9C7 /* ScrumdingerUITests.xctest */,
			);
			name = Products;
			sourceTree = "<group>";
		};
		BD4267432A6DBCDF00A3B9C7 /* Scrumdinger */ = {
			isa = PBXGroup;
			children = (
				BD4267442A6DBCDF00A3B9C7 /* ScrumdingerApp.swift */,
				BD4267462A6DBCDF00A3B9C7 /* MeetingView.swift */,
				BD4267482A6DBCE000A3B9C7 /* Assets.xcassets */,
				BD42674D2A6DBCE000A3B9C7 /* Scrumdinger.entitlements */,
				BD42674A2A6DBCE000A3B9C7 /* Preview Content */,
			);
			path = Scrumdinger;
			sourceTree = "<group>";
		};
		BD42674A2A6DBCE000A3B9C7 /* Preview Content */ = {
			isa = PBXGroup;
			children = (
				BD42674B2A6DBCE000A3B9C7 /* Preview Assets.xcassets */,
			);
			path = "Preview Content";
			sourceTree = "<group>";
		};
		BD4267552A6DBCE000A3B9C7 /* ScrumdingerTests */ = {
			isa = PBXGroup;
			children = (
				BD4267562A6DBCE000A3B9C7 /* ScrumdingerTests.swift */,
			);
			path = ScrumdingerTests;
			sourceTree = "<group>";
		};
		BD42675F2A6DBCE000A3B9C7 /* ScrumdingerUITests */ = {
			isa = PBXGroup;
			children = (
				BD4267602A6DBCE000A3B9C7 /* ScrumdingerUITests.swift */,
				BD4267622A6DBCE000A3B9C7 /* ScrumdingerUITestsLaunchTests.swift */,
			);
			path = ScrumdingerUITests;
			sourceTree = "<group>";
		};
/* End PBXGroup section */

/* Begin PBXNativeTarget section */
		BD4267402A6DBCDF00A3B9C7 /* Scrumdinger */ = {
			isa = PBXNativeTarget;
			buildConfigurationList = BD4267662A6DBCE000A3B9C7 /* Build configuration list for PBXNativeTarget "Scrumdinger" */;
			buildPhases = (
				BD42673D2A6DBCDF00A3B9C7 /* Sources */,
				BD42673E2A6DBCDF00A3B9C7 /* Frameworks */,
				BD42673F2A6DBCDF00A3B9C7 /* Resources */,
			);
			buildRules = (
			);
			dependencies = (
			);
			name = Scrumdinger;
			productName = Scrumdinger;
			productReference = BD4267412A6DBCDF00A3B9C7 /* Scrumdinger.app */;
			productType = "com.apple.product-type.application";
		};
		BD4267512A6DBCE000A3B9C7 /* ScrumdingerTests */ = {
			isa = PBXNativeTarget;
			buildConfigurationList = BD4267692A6DBCE000A3B9C7 /* Build configuration list for PBXNativeTarget "ScrumdingerTests" */;
			buildPhases = (
				BD42674E2A6DBCE000A3B9C7 /* Sources */,
				BD42674F2A6DBCE000A3B9C7 /* Frameworks */,
				BD4267502A6DBCE000A3B9C7 /* Resources */,
			);
			buildRules = (
			);
			dependencies = (
				BD4267542A6DBCE000A3B9C7 /* PBXTargetDependency */,
			);
			name = ScrumdingerTests;
			productName = ScrumdingerTests;
			productReference = BD4267522A6DBCE000A3B9C7 /* ScrumdingerTests.xctest */;
			productType = "com.apple.product-type.bundle.unit-test";
		};
		BD42675B2A6DBCE000A3B9C7 /* ScrumdingerUITests */ = {
			isa = PBXNativeTarget;
			buildConfigurationList = BD42676C2A6DBCE000A3B9C7 /* Build configuration list for PBXNativeTarget "ScrumdingerUITests" */;
			buildPhases = (
				BD4267582A6DBCE000A3B9C7 /* Sources */,
				BD4267592A6DBCE000A3B9C7 /* Frameworks */,
				BD42675A2A6DBCE000A3B9C7 /* Resources */,
			);
			buildRules = (
			);
			dependencies = (
				BD42675E2A6DBCE000A3B9C7 /* PBXTargetDependency */,
			);
			name = ScrumdingerUITests;
			productName = ScrumdingerUITests;
			productReference = BD42675C2A6DBCE000A3B9C7 /* ScrumdingerUITests.xctest */;
			productType = "com.apple.product-type.bundle.ui-testing";
		};
/* End PBXNativeTarget section */

/* Begin PBXProject section */
		BD4267392A6DBCDF00A3B9C7 /* Project object */ = {
			isa = PBXProject;
			attributes = {
				BuildIndependentTargetsInParallel = 1;
				LastSwiftUpdateCheck = 1430;
				LastUpgradeCheck = 1430;
				TargetAttributes = {
					BD4267402A6DBCDF00A3B9C7 = {
						CreatedOnToolsVersion = 14.3.1;
					};
					BD4267512A6DBCE000A3B9C7 = {
						CreatedOnToolsVersion = 14.3.1;
						TestTargetID = BD4267402A6DBCDF00A3B9C7;
					};
					BD42675B2A6DBCE000A3B9C7 = {
						CreatedOnToolsVersion = 14.3.1;
						TestTargetID = BD4267402A6DBCDF00A3B9C7;
					};
				};
			};
			buildConfigurationList = BD42673C2A6DBCDF00A3B9C7 /* Build configuration list for PBXProject "Scrumdinger" */;
			compatibilityVersion = "Xcode 14.0";
			developmentRegion = en;
			hasScannedForEncodings = 0;
			knownRegions = (
				en,
				Base,
			);
			mainGroup = BD4267382A6DBCDF00A3B9C7;
			productRefGroup = BD4267422A6DBCDF00A3B9C7 /* Products */;
			projectDirPath = "";
			projectRoot = "";
			targets = (
				BD4267402A6DBCDF00A3B9C7 /* Scrumdinger */,
				BD4267512A6DBCE000A3B9C7 /* ScrumdingerTests */,
				BD42675B2A6DBCE000A3B9C7 /* ScrumdingerUITests */,
			);
		};
/* End PBXProject section */

/* Begin PBXResourcesBuildPhase section */
		BD42673F2A6DBCDF00A3B9C7 /* Resources */ = {
			isa = PBXResourcesBuildPhase;
			buildActionMask = 2147483647;
			files = (
				BD42674C2A6DBCE000A3B9C7 /* Preview Assets.xcassets in Resources */,
				BD4267492A6DBCE000A3B9C7 /* Assets.xcassets in Resources */,
			);
			runOnlyForDeploymentPostprocessing = 0;
		};
		BD4267502A6DBCE000A3B9C7 /* Resources */ = {
			isa = PBXResourcesBuildPhase;
			buildActionMask = 2147483647;
			files = (
			);
			runOnlyForDeploymentPostprocessing = 0;
		};
		BD42675A2A6DBCE000A3B9C7 /* Resources */ = {
			isa = PBXResourcesBuildPhase;
			buildActionMask = 2147483647;
			files = (
			);
			runOnlyForDeploymentPostprocessing = 0;
		};
/* End PBXResourcesBuildPhase section */

/* Begin PBXSourcesBuildPhase section */
		BD42673D2A6DBCDF00A3B9C7 /* Sources */ = {
			isa = PBXSourcesBuildPhase;
			buildActionMask = 2147483647;
			files = (
				BD4267472A6DBCDF00A3B9C7 /* MeetingView.swift in Sources */,
				BD4267452A6DBCDF00A3B9C7 /* ScrumdingerApp.swift in Sources */,
			);
			runOnlyForDeploymentPostprocessing = 0;
		};
		BD42674E2A6DBCE000A3B9C7 /* Sources */ = {
			isa = PBXSourcesBuildPhase;
			buildActionMask = 2147483647;
			files = (
				BD4267572A6DBCE000A3B9C7 /* ScrumdingerTests.swift in Sources */,
			);
			runOnlyForDeploymentPostprocessing = 0;
		};
		BD4267582A6DBCE000A3B9C7 /* Sources */ = {
			isa = PBXSourcesBuildPhase;
			buildActionMask = 2147483647;
			files = (
				BD4267632A6DBCE000A3B9C7 /* ScrumdingerUITestsLaunchTests.swift in Sources */,
				BD4267612A6DBCE000A3B9C7 /* ScrumdingerUITests.swift in Sources */,
			);
			runOnlyForDeploymentPostprocessing = 0;
		};
/* End PBXSourcesBuildPhase section */

/* Begin PBXTargetDependency section */
		BD4267542A6DBCE000A3B9C7 /* PBXTargetDependency */ = {
			isa = PBXTargetDependency;
			target = BD4267402A6DBCDF00A3B9C7 /* Scrumdinger */;
			targetProxy = BD4267532A6DBCE000A3B9C7 /* PBXContainerItemProxy */;
		};
		BD42675E2A6DBCE000A3B9C7 /* PBXTargetDependency */ = {
			isa = PBXTargetDependency;
			target = BD4267402A6DBCDF00A3B9C7 /* Scrumdinger */;
			targetProxy = BD42675D2A6DBCE000A3B9C7 /* PBXContainerItemProxy */;
		};
/* End PBXTargetDependency section */

/* Begin XCBuildConfiguration section */
		BD4267642A6DBCE000A3B9C7 /* Debug */ = {
			isa = XCBuildConfiguration;
			buildSettings = {
				ALWAYS_SEARCH_USER_PATHS = NO;
				CLANG_ANALYZER_NONNULL = YES;
				CLANG_ANALYZER_NUMBER_OBJECT_CONVERSION = YES_AGGRESSIVE;
				CLANG_CXX_LANGUAGE_STANDARD = "gnu++20";
				CLANG_ENABLE_MODULES = YES;
				CLANG_ENABLE_OBJC_ARC = YES;
				CLANG_ENABLE_OBJC_WEAK = YES;
				CLANG_WARN_BLOCK_CAPTURE_AUTORELEASING = YES;
				CLANG_WARN_BOOL_CONVERSION = YES;
				CLANG_WARN_COMMA = YES;
				CLANG_WARN_CONSTANT_CONVERSION = YES;
				CLANG_WARN_DEPRECATED_OBJC_IMPLEMENTATIONS = YES;
				CLANG_WARN_DIRECT_OBJC_ISA_USAGE = YES_ERROR;
				CLANG_WARN_DOCUMENTATION_COMMENTS = YES;
				CLANG_WARN_EMPTY_BODY = YES;
				CLANG_WARN_ENUM_CONVERSION = YES;
				CLANG_WARN_INFINITE_RECURSION = YES;
				CLANG_WARN_INT_CONVERSION = YES;
				CLANG_WARN_NON_LITERAL_NULL_CONVERSION = YES;
				CLANG_WARN_OBJC_IMPLICIT_RETAIN_SELF = YES;
				CLANG_WARN_OBJC_LITERAL_CONVERSION = YES;
				CLANG_WARN_OBJC_ROOT_CLASS = YES_ERROR;
				CLANG_WARN_QUOTED_INCLUDE_IN_FRAMEWORK_HEADER = YES;
				CLANG_WARN_RANGE_LOOP_ANALYSIS = YES;
				CLANG_WARN_STRICT_PROTOTYPES = YES;
				CLANG_WARN_SUSPICIOUS_MOVE = YES;
				CLANG_WARN_UNGUARDED_AVAILABILITY = YES_AGGRESSIVE;
				CLANG_WARN_UNREACHABLE_CODE = YES;
				CLANG_WARN__DUPLICATE_METHOD_MATCH = YES;
				COPY_PHASE_STRIP = NO;
				DEBUG_INFORMATION_FORMAT = dwarf;
				ENABLE_STRICT_OBJC_MSGSEND = YES;
				ENABLE_TESTABILITY = YES;
				GCC_C_LANGUAGE_STANDARD = gnu11;
				GCC_DYNAMIC_NO_PIC = NO;
				GCC_NO_COMMON_BLOCKS = YES;
				GCC_OPTIMIZATION_LEVEL = 0;
				GCC_PREPROCESSOR_DEFINITIONS = (
					"DEBUG=1",
					"$(inherited)",
				);
				GCC_WARN_64_TO_32_BIT_CONVERSION = YES;
				GCC_WARN_ABOUT_RETURN_TYPE = YES_ERROR;
				GCC_WARN_UNDECLARED_SELECTOR = YES;
				GCC_WARN_UNINITIALIZED_AUTOS = YES_AGGRESSIVE;
				GCC_WARN_UNUSED_FUNCTION = YES;
				GCC_WARN_UNUSED_VARIABLE = YES;
				MACOSX_DEPLOYMENT_TARGET = 13.3;
				MTL_ENABLE_DEBUG_INFO = INCLUDE_SOURCE;
				MTL_FAST_MATH = YES;
				ONLY_ACTIVE_ARCH = YES;
				SDKROOT = macosx;
				SWIFT_ACTIVE_COMPILATION_CONDITIONS = DEBUG;
				SWIFT_OPTIMIZATION_LEVEL = "-Onone";
			};
			name = Debug;
		};
		BD4267652A6DBCE000A3B9C7 /* Release */ = {
			isa = XCBuildConfiguration;
			buildSettings = {
				ALWAYS_SEARCH_USER_PATHS = NO;
				CLANG_ANALYZER_NONNULL = YES;
				CLANG_ANALYZER_NUMBER_OBJECT_CONVERSION = YES_AGGRESSIVE;
				CLANG_CXX_LANGUAGE_STANDARD = "gnu++20";
				CLANG_ENABLE_MODULES = YES;
				CLANG_ENABLE_OBJC_ARC = YES;
				CLANG_ENABLE_OBJC_WEAK = YES;
				CLANG_WARN_BLOCK_CAPTURE_AUTORELEASING = YES;
				CLANG_WARN_BOOL_CONVERSION = YES;
				CLANG_WARN_COMMA = YES;
				CLANG_WARN_CONSTANT_CONVERSION = YES;
				CLANG_WARN_DEPRECATED_OBJC_IMPLEMENTATIONS = YES;
				CLANG_WARN_DIRECT_OBJC_ISA_USAGE = YES_ERROR;
				CLANG_WARN_DOCUMENTATION_COMMENTS = YES;
				CLANG_WARN_EMPTY_BODY = YES;
				CLANG_WARN_ENUM_CONVERSION = YES;
				CLANG_WARN_INFINITE_RECURSION = YES;
				CLANG_WARN_INT_CONVERSION = YES;
				CLANG_WARN_NON_LITERAL_NULL_CONVERSION = YES;
				CLANG_WARN_OBJC_IMPLICIT_RETAIN_SELF = YES;
				CLANG_WARN_OBJC_LITERAL_CONVERSION = YES;
				CLANG_WARN_OBJC_ROOT_CLASS = YES_ERROR;
				CLANG_WARN_QUOTED_INCLUDE_IN_FRAMEWORK_HEADER = YES;
				CLANG_WARN_RANGE_LOOP_ANALYSIS = YES;
				CLANG_WARN_STRICT_PROTOTYPES = YES;
				CLANG_WARN_SUSPICIOUS_MOVE = YES;
				CLANG_WARN_UNGUARDED_AVAILABILITY = YES_AGGRESSIVE;
				CLANG_WARN_UNREACHABLE_CODE = YES;
				CLANG_WARN__DUPLICATE_METHOD_MATCH = YES;
				COPY_PHASE_STRIP = NO;
				DEBUG_INFORMATION_FORMAT = "dwarf-with-dsym";
				ENABLE_NS_ASSERTIONS = NO;
				ENABLE_STRICT_OBJC_MSGSEND = YES;
				GCC_C_LANGUAGE_STANDARD = gnu11;
				GCC_NO_COMMON_BLOCKS = YES;
				GCC_WARN_64_TO_32_BIT_CONVERSION = YES;
				GCC_WARN_ABOUT_RETURN_TYPE = YES_ERROR;
				GCC_WARN_UNDECLARED_SELECTOR = YES;
				GCC_WARN_UNINITIALIZED_AUTOS = YES_AGGRESSIVE;
				GCC_WARN_UNUSED_FUNCTION = YES;
				GCC_WARN_UNUSED_VARIABLE = YES;
				MACOSX_DEPLOYMENT_TARGET = 13.3;
				MTL_ENABLE_DEBUG_INFO = NO;
				MTL_FAST_MATH = YES;
				SDKROOT = macosx;
				SWIFT_COMPILATION_MODE = wholemodule;
				SWIFT_OPTIMIZATION_LEVEL = "-O";
			};
			name = Release;
		};
		BD4267672A6DBCE000A3B9C7 /* Debug */ = {
			isa = XCBuildConfiguration;
			buildSettings = {
				ASSETCATALOG_COMPILER_APPICON_NAME = AppIcon;
				ASSETCATALOG_COMPILER_GLOBAL_ACCENT_COLOR_NAME = AccentColor;
				CODE_SIGN_ENTITLEMENTS = Scrumdinger/Scrumdinger.entitlements;
				CODE_SIGN_STYLE = Automatic;
				COMBINE_HIDPI_IMAGES = YES;
				CURRENT_PROJECT_VERSION = 1;
				DEVELOPMENT_ASSET_PATHS = "\"Scrumdinger/Preview Content\"";
				ENABLE_PREVIEWS = YES;
				GENERATE_INFOPLIST_FILE = YES;
				INFOPLIST_KEY_NSHumanReadableCopyright = "";
				LD_RUNPATH_SEARCH_PATHS = (
					"$(inherited)",
					"@executable_path/../Frameworks",
				);
				MARKETING_VERSION = 1.0;
				PRODUCT_BUNDLE_IDENTIFIER = cam.test.Scrumdinger;
				PRODUCT_NAME = "$(TARGET_NAME)";
				SWIFT_EMIT_LOC_STRINGS = YES;
				SWIFT_VERSION = 5.0;
			};
			name = Debug;
		};
		BD4267682A6DBCE000A3B9C7 /* Release */ = {
			isa = XCBuildConfiguration;
			buildSettings = {
				ASSETCATALOG_COMPILER_APPICON_NAME = AppIcon;
				ASSETCATALOG_COMPILER_GLOBAL_ACCENT_COLOR_NAME = AccentColor;
				CODE_SIGN_ENTITLEMENTS = Scrumdinger/Scrumdinger.entitlements;
				CODE_SIGN_STYLE = Automatic;
				COMBINE_HIDPI_IMAGES = YES;
				CURRENT_PROJECT_VERSION = 1;
				DEVELOPMENT_ASSET_PATHS = "\"Scrumdinger/Preview Content\"";
				ENABLE_PREVIEWS = YES;
				GENERATE_INFOPLIST_FILE = YES;
				INFOPLIST_KEY_NSHumanReadableCopyright = "";
				LD_RUNPATH_SEARCH_PATHS = (
					"$(inherited)",
					"@executable_path/../Frameworks",
				);
				MARKETING_VERSION = 1.0;
				PRODUCT_BUNDLE_IDENTIFIER = cam.test.Scrumdinger;
				PRODUCT_NAME = "$(TARGET_NAME)";
				SWIFT_EMIT_LOC_STRINGS = YES;
				SWIFT_VERSION = 5.0;
			};
			name = Release;
		};
		BD42676A2A6DBCE000A3B9C7 /* Debug */ = {
			isa = XCBuildConfiguration;
			buildSettings = {
				ALWAYS_EMBED_SWIFT_STANDARD_LIBRARIES = YES;
				BUNDLE_LOADER = "$(TEST_HOST)";
				CODE_SIGN_STYLE = Automatic;
				CURRENT_PROJECT_VERSION = 1;
				GENERATE_INFOPLIST_FILE = YES;
				MACOSX_DEPLOYMENT_TARGET = 13.3;
				MARKETING_VERSION = 1.0;
				PRODUCT_BUNDLE_IDENTIFIER = cam.test.ScrumdingerTests;
				PRODUCT_NAME = "$(TARGET_NAME)";
				SWIFT_EMIT_LOC_STRINGS = NO;
				SWIFT_VERSION = 5.0;
				TEST_HOST = "$(BUILT_PRODUCTS_DIR)/Scrumdinger.app/$(BUNDLE_EXECUTABLE_FOLDER_PATH)/Scrumdinger";
			};
			name = Debug;
		};
		BD42676B2A6DBCE000A3B9C7 /* Release */ = {
			isa = XCBuildConfiguration;
			buildSettings = {
				ALWAYS_EMBED_SWIFT_STANDARD_LIBRARIES = YES;
				BUNDLE_LOADER = "$(TEST_HOST)";
				CODE_SIGN_STYLE = Automatic;
				CURRENT_PROJECT_VERSION = 1;
				GENERATE_INFOPLIST_FILE = YES;
				MACOSX_DEPLOYMENT_TARGET = 13.3;
				MARKETING_VERSION = 1.0;
				PRODUCT_BUNDLE_IDENTIFIER = cam.test.ScrumdingerTests;
				PRODUCT_NAME = "$(TARGET_NAME)";
				SWIFT_EMIT_LOC_STRINGS = NO;
				SWIFT_VERSION = 5.0;
				TEST_HOST = "$(BUILT_PRODUCTS_DIR)/Scrumdinger.app/$(BUNDLE_EXECUTABLE_FOLDER_PATH)/Scrumdinger";
			};
			name = Release;
		};
		BD42676D2A6DBCE000A3B9C7 /* Debug */ = {
			isa = XCBuildConfiguration;
			buildSettings = {
				ALWAYS_EMBED_SWIFT_STANDARD_LIBRARIES = YES;
				CODE_SIGN_STYLE = Automatic;
				CURRENT_PROJECT_VERSION = 1;
				GENERATE_INFOPLIST_FILE = YES;
				MARKETING_VERSION = 1.0;
				PRODUCT_BUNDLE_IDENTIFIER = cam.test.ScrumdingerUITests;
				PRODUCT_NAME = "$(TARGET_NAME)";
				SWIFT_EMIT_LOC_STRINGS = NO;
				SWIFT_VERSION = 5.0;
				TEST_TARGET_NAME = Scrumdinger;
			};
			name = Debug;
		};
		BD42676E2A6DBCE000A3B9C7 /* Release */ = {
			isa = XCBuildConfiguration;
			buildSettings = {
				ALWAYS_EMBED_SWIFT_STANDARD_LIBRARIES = YES;
				CODE_SIGN_STYLE = Automatic;
				CURRENT_PROJECT_VERSION = 1;
				GENERATE_INFOPLIST_FILE = YES;
				MARKETING_VERSION = 1.0;
				PRODUCT_BUNDLE_IDENTIFIER = cam.test.ScrumdingerUITests;
				PRODUCT_NAME = "$(TARGET_NAME)";
				SWIFT_EMIT_LOC_STRINGS = NO;
				SWIFT_VERSION = 5.0;
				TEST_TARGET_NAME = Scrumdinger;
			};
			name = Release;
		};
/* End XCBuildConfiguration section */

/* Begin XCConfigurationList section */
		BD42673C2A6DBCDF00A3B9C7 /* Build configuration list for PBXProject "Scrumdinger" */ = {
			isa = XCConfigurationList;
			buildConfigurations = (
				BD4267642A6DBCE000A3B9C7 /* Debug */,
				BD4267652A6DBCE000A3B9C7 /* Release */,
			);
			defaultConfigurationIsVisible = 0;
			defaultConfigurationName = Release;
		};
		BD4267662A6DBCE000A3B9C7 /* Build configuration list for PBXNativeTarget "Scrumdinger" */ = {
			isa = XCConfigurationList;
			buildConfigurations = (
				BD4267672A6DBCE000A3B9C7 /* Debug */,
				BD4267682A6DBCE000A3B9C7 /* Release */,
			);
			defaultConfigurationIsVisible = 0;
			defaultConfigurationName = Release;
		};
		BD4267692A6DBCE000A3B9C7 /* Build configuration list for PBXNativeTarget "ScrumdingerTests" */ = {
			isa = XCConfigurationList;
			buildConfigurations = (
				BD42676A2A6DBCE000A3B9C7 /* Debug */,
				BD42676B2A6DBCE000A3B9C7 /* Release */,
			);
			defaultConfigurationIsVisible = 0;
			defaultConfigurationName = Release;
		};
		BD42676C2A6DBCE000A3B9C7 /* Build configuration list for PBXNativeTarget "ScrumdingerUITests" */ = {
			isa = XCConfigurationList;
			buildConfigurations = (
				BD42676D2A6DBCE000A3B9C7 /* Debug */,
				BD42676E2A6DBCE000A3B9C7 /* Release */,
			);
			defaultConfigurationIsVisible = 0;
			defaultConfigurationName = Release;
		};
/* End XCConfigurationList section */
	};
	rootObject = BD4267392A6DBCDF00A3B9C7 /* Project object */;
}
